# THIS IS AN AUTOGENERATED FILE. DO NOT EDIT THIS FILE DIRECTLY.
# yarn lockfile v1


"@babel/helper-string-parser@^7.25.9":
  version "7.25.9"
  resolved "https://registry.npmjs.org/@babel/helper-string-parser/-/helper-string-parser-7.25.9.tgz"
  integrity sha512-4A/SCr/2KLd5jrtOMFzaKjVtAei3+2r/NChoBNoZ3EyP/+GlhoaEGoWOZUmFmoITP7zOJyHIMm+DYRd8o3PvHA==

"@babel/helper-validator-identifier@^7.25.9":
  version "7.25.9"
  resolved "https://registry.npmjs.org/@babel/helper-validator-identifier/-/helper-validator-identifier-7.25.9.tgz"
  integrity sha512-Ed61U6XJc3CVRfkERJWDz4dJwKe7iLmmJsbOGu9wSloNSFttHV0I8g6UAgb7qnK5ly5bGLPd4oXZlxCdANBOWQ==

"@babel/parser@^7.23.5", "@babel/parser@^7.25.3":
  version "7.26.9"
  resolved "https://registry.npmjs.org/@babel/parser/-/parser-7.26.9.tgz"
  integrity sha512-81NWa1njQblgZbQHxWHpxxCzNsa3ZwvFqpUg7P+NNUU6f3UU2jBEg4OlF/J6rl8+PQGh1q6/zWScd001YwcA5A==
  dependencies:
    "@babel/types" "^7.26.9"

"@babel/types@^7.26.9":
  version "7.26.9"
  resolved "https://registry.npmjs.org/@babel/types/-/types-7.26.9.tgz"
  integrity sha512-Y3IR1cRnOxOCDvMmNiym7XpXQ93iGDDPHx+Zj+NM+rg0fBaShfQLkg+hKPaZCEvg5N/LeCo4+Rj/i3FuJsIQaw==
  dependencies:
    "@babel/helper-string-parser" "^7.25.9"
    "@babel/helper-validator-identifier" "^7.25.9"

"@esbuild/linux-x64@0.25.0":
  version "0.25.0"
  resolved "https://registry.npmjs.org/@esbuild/linux-x64/-/linux-x64-0.25.0.tgz"
  integrity sha512-9yl91rHw/cpwMCNytUDxwj2XjFpxML0y9HAOH9pNVQDpQrBxHy01Dx+vaMu0N1CKa/RzBD2hB4u//nfc+Sd3Cw==

"@fontsource/open-sans@^5.0.20":
  version "5.0.20"
  resolved "https://registry.npmjs.org/@fontsource/open-sans/-/open-sans-5.0.20.tgz"
  integrity sha512-Tgdqmp9QX8YZd5TO+rEv5n5cZkTaDf0I0eHUHMe3xKxUgGR/9uKS7VYL+kiVZfMNZ/8EyMLwzcNFWVsNG6nZAg==

"@jridgewell/sourcemap-codec@^1.4.15":
  version "1.4.15"
  resolved "https://registry.npmjs.org/@jridgewell/sourcemap-codec/-/sourcemap-codec-1.4.15.tgz"
  integrity sha512-eF2rxCRulEKXHTRiDrDy6erMYWqNw4LPdQ8UQA4huuxaQsVeRPFl2oM8oDGxMFhJUWZf9McpLtJasDDZb/Bpeg==

"@preact/signals-core@^1.4.0":
  version "1.5.1"
  resolved "https://registry.npmjs.org/@preact/signals-core/-/signals-core-1.5.1.tgz"
  integrity sha512-dE6f+WCX5ZUDwXzUIWNMhhglmuLpqJhuy3X3xHrhZYI0Hm2LyQwOu0l9mdPiWrVNsE+Q7txOnJPgtIqHCYoBVA==

"@preact/signals@^1.1.5":
  version "1.2.2"
  resolved "https://registry.npmjs.org/@preact/signals/-/signals-1.2.2.tgz"
  integrity sha512-ColCqdo4cRP18bAuIR4Oik5rDpiyFtPIJIygaYPMEAwTnl4buWkBOflGBSzhYyPyJfKpkwlekrvK+1pzQ2ldWw==
  dependencies:
    "@preact/signals-core" "^1.4.0"

"@rollup/rollup-linux-x64-gnu@4.34.9":
  version "4.34.9"
  resolved "https://registry.npmjs.org/@rollup/rollup-linux-x64-gnu/-/rollup-linux-x64-gnu-4.34.9.tgz"
  integrity sha512-FwBHNSOjUTQLP4MG7y6rR6qbGw4MFeQnIBrMe161QGaQoBQLqSUEKlHIiVgF3g/mb3lxlxzJOpIBhaP+C+KP2A==

"@rollup/rollup-linux-x64-musl@4.34.9":
  version "4.34.9"
  resolved "https://registry.npmjs.org/@rollup/rollup-linux-x64-musl/-/rollup-linux-x64-musl-4.34.9.tgz"
  integrity sha512-cYRpV4650z2I3/s6+5/LONkjIz8MBeqrk+vPXV10ORBnshpn8S32bPqQ2Utv39jCiDcO2eJTuSlPXpnvmaIgRA==

"@schedule-x/calendar-controls@^2.0.0":
  version "2.0.0"
  resolved "https://registry.npmjs.org/@schedule-x/calendar-controls/-/calendar-controls-2.0.0.tgz"
  integrity sha512-5d/688vkgzqedIzdiHb0KVO0bpqkrLRw0VFYTddIkf+PaUq2SzRR08f1A05hsBIxfuBk1Svn50AhKhk05HsEeA==

"@schedule-x/calendar@^2.21.0", "@schedule-x/calendar@2.0.0":
  version "2.21.0"
  resolved "https://registry.npmjs.org/@schedule-x/calendar/-/calendar-2.21.0.tgz"
  integrity sha512-wiot2lcjIMsbmKcHawD+9kxnLw2f1VSUZt3eOiiUHEZExQnYSmKhUVuufgVEHPZCPp+PrTxOJFlV8vM2pC+dhw==

"@schedule-x/date-picker@2.0.0":
  version "2.0.0"
  resolved "https://registry.npmjs.org/@schedule-x/date-picker/-/date-picker-2.0.0.tgz"
  integrity sha512-MAJ6ztdl5YejFSDCtAYz5cUECPWdVuqxbFuTx78+v5ZPpSOlZGKHwnpxvnAUDozh9/TJrYPUoSZKHXCj+XbjQw==

"@schedule-x/drag-and-drop@^2.0.0":
  version "2.0.0"
  resolved "https://registry.npmjs.org/@schedule-x/drag-and-drop/-/drag-and-drop-2.0.0.tgz"
  integrity sha512-UFSlw4oH1QaAx+Ti6i+cQSXmspgPgVDdkKxODQYrv6AyKMjg9cZhJ4QUkMmhTXWNBDXUN9YvSxtNQ1AEdhTN3g==

"@schedule-x/event-modal@^2.0.0":
  version "2.0.0"
  resolved "https://registry.npmjs.org/@schedule-x/event-modal/-/event-modal-2.0.0.tgz"
  integrity sha512-adNXkS+lm9cS03/AraEChdE+W7bX1PRXVYxIudft2Sorh+VTtdxQ98Px+4B+7SuFLPAjwKgtq6zpq5mIE6n9Pw==

"@schedule-x/event-recurrence@^2.0.0":
  version "2.0.0"
  resolved "https://registry.npmjs.org/@schedule-x/event-recurrence/-/event-recurrence-2.0.0.tgz"
  integrity sha512-F04kjdjfOr9prcTC8a7rSk5pHJXAQPVhDMfBak7LdS0fbu6uMQHpuAznJ7QNeXSzZ+UVjj4/GdrZyYdzhUt+6A==

"@schedule-x/prettier-config@^0.3.0":
  version "0.3.0"
  resolved "https://registry.npmjs.org/@schedule-x/prettier-config/-/prettier-config-0.3.0.tgz"
  integrity sha512-fIE36LFZIR54gsnTmB9hyDYC1mtx1TlhUIw73LjNqOoQ0B3p9QG7UldOBNWRzlBj851JXjI/JGlYpdczq3JRyA==

"@schedule-x/scroll-controller@^2.0.0":
  version "2.0.0"
  resolved "https://registry.npmjs.org/@schedule-x/scroll-controller/-/scroll-controller-2.0.0.tgz"
  integrity sha512-OtV9Cc1PH56xx+O9Nt0dvimxJWSlOBAnyGadGdBc/njc5YQFekg5iOvtJImrYJLwcDX+iQU/t+VP0sAwI5ya3A==

"@schedule-x/shared@^1.23.0":
  version "1.23.0"
  resolved "https://registry.npmjs.org/@schedule-x/shared/-/shared-1.23.0.tgz"
  integrity sha512-h0ruJNMasFyLS7TeWOTPw9ssAoIuYndou6gGpww6JapSRUqNl7MDeUfGu665wolkt9UoteyxXVkque5s6Cl6+g==

"@schedule-x/theme-default@^2.0.0":
  version "2.0.0"
  resolved "https://registry.npmjs.org/@schedule-x/theme-default/-/theme-default-2.0.0.tgz"
  integrity sha512-PZ3OuG7v1K/5oLlkgbtAmtqt9R71iT21+Zt4sXb9DfnXrCaQPvLCWbcuXSXcofrs7WYssWJGN/50iU51aE5yiw==

"@schedule-x/vue@2.0.0":
  version "2.0.0"
  resolved "https://registry.npmjs.org/@schedule-x/vue/-/vue-2.0.0.tgz"
  integrity sha512-kxDvzw2aZhRCrLgwuFJMZSCu/krJLYo3GhVOGGOqkD60CoBT+4vGd/qRX4C08P1ljSs7zxx5Z1HLU+XQ4a1yYA==

"@types/estree@1.0.6":
  version "1.0.6"
  resolved "https://registry.npmjs.org/@types/estree/-/estree-1.0.6.tgz"
  integrity sha512-AYnb1nQyY49te+VRAVgmzfcgjYS91mY5P0TKUDCLEM+gNnA+3T6rWITXRLYCpahpqSQbN5cE+gHpnPyXjHWxcw==

"@vitejs/plugin-vue@^5.2.1":
  version "5.2.1"
  resolved "https://registry.npmjs.org/@vitejs/plugin-vue/-/plugin-vue-5.2.1.tgz"
  integrity sha512-cxh314tzaWwOLqVes2gnnCtvBDcM1UMdn+iFR+UjAn411dPT3tOmqrJjbMd7koZpMAmBM/GqeV4n9ge7JSiJJQ==

"@volar/language-core@~2.4.11", "@volar/language-core@2.4.11":
  version "2.4.11"
  resolved "https://registry.npmjs.org/@volar/language-core/-/language-core-2.4.11.tgz"
  integrity sha512-lN2C1+ByfW9/JRPpqScuZt/4OrUUse57GLI6TbLgTIqBVemdl1wNcZ1qYGEo2+Gw8coYLgCy7SuKqn6IrQcQgg==
  dependencies:
    "@volar/source-map" "2.4.11"

"@volar/source-map@2.4.11":
  version "2.4.11"
  resolved "https://registry.npmjs.org/@volar/source-map/-/source-map-2.4.11.tgz"
  integrity sha512-ZQpmafIGvaZMn/8iuvCFGrW3smeqkq/IIh9F1SdSx9aUl0J4Iurzd6/FhmjNO5g2ejF3rT45dKskgXWiofqlZQ==

"@volar/typescript@~2.4.11":
  version "2.4.11"
  resolved "https://registry.npmjs.org/@volar/typescript/-/typescript-2.4.11.tgz"
  integrity sha512-2DT+Tdh88Spp5PyPbqhyoYavYCPDsqbHLFwcUI9K1NlY1YgUJvujGdrqUp0zWxnW7KWNTr3xSpMuv2WnaTKDAw==
  dependencies:
    "@volar/language-core" "2.4.11"
    path-browserify "^1.0.1"
    vscode-uri "^3.0.8"

"@vue/compiler-core@3.3.12":
  version "3.3.12"
  resolved "https://registry.npmjs.org/@vue/compiler-core/-/compiler-core-3.3.12.tgz"
  integrity sha512-qAtjyG3GBLG0chzp5xGCyRLLe6wFCHmjI82aGzwuGKyznNP+GJJMxjc0wOYWDB2YKfho7niJFdoFpo0CZZQg9w==
  dependencies:
    "@babel/parser" "^7.23.5"
    "@vue/shared" "3.3.12"
    estree-walker "^2.0.2"
    source-map-js "^1.0.2"

"@vue/compiler-core@3.5.13":
  version "3.5.13"
  resolved "https://registry.npmjs.org/@vue/compiler-core/-/compiler-core-3.5.13.tgz"
  integrity sha512-oOdAkwqUfW1WqpwSYJce06wvt6HljgY3fGeM9NcVA1HaYOij3mZG9Rkysn0OHuyUAGMbEbARIpsG+LPVlBJ5/Q==
  dependencies:
    "@babel/parser" "^7.25.3"
    "@vue/shared" "3.5.13"
    entities "^4.5.0"
    estree-walker "^2.0.2"
    source-map-js "^1.2.0"

"@vue/compiler-dom@^3.5.0":
  version "3.5.13"
  resolved "https://registry.npmjs.org/@vue/compiler-dom/-/compiler-dom-3.5.13.tgz"
  integrity sha512-ZOJ46sMOKUjO3e94wPdCzQ6P1Lx/vhp2RSvfaab88Ajexs0AHeV0uasYhi99WPaogmBlRHNRuly8xV75cNTMDA==
  dependencies:
    "@vue/compiler-core" "3.5.13"
    "@vue/shared" "3.5.13"

"@vue/compiler-dom@3.3.12":
  version "3.3.12"
  resolved "https://registry.npmjs.org/@vue/compiler-dom/-/compiler-dom-3.3.12.tgz"
  integrity sha512-RdJU9oEYaoPKUdGXCy0l+i4clesdDeLmbvRlszoc9iagsnBnMmQtYfCPVQ5BHB6o7K4SCucDdJM2Dh3oXB0D6g==
  dependencies:
    "@vue/compiler-core" "3.3.12"
    "@vue/shared" "3.3.12"

"@vue/compiler-sfc@3.3.12":
  version "3.3.12"
  resolved "https://registry.npmjs.org/@vue/compiler-sfc/-/compiler-sfc-3.3.12.tgz"
  integrity sha512-yy5b9e7b79dsGbMmglCe/YnhCQgBkHO7Uf6JfjWPSf2/5XH+MKn18LhzhHyxbHdJgnA4lZCqtXzLaJz8Pd8lMw==
  dependencies:
    "@babel/parser" "^7.23.5"
    "@vue/compiler-core" "3.3.12"
    "@vue/compiler-dom" "3.3.12"
    "@vue/compiler-ssr" "3.3.12"
    "@vue/reactivity-transform" "3.3.12"
    "@vue/shared" "3.3.12"
    estree-walker "^2.0.2"
    magic-string "^0.30.5"
    postcss "^8.4.32"
    source-map-js "^1.0.2"

"@vue/compiler-ssr@3.3.12":
  version "3.3.12"
  resolved "https://registry.npmjs.org/@vue/compiler-ssr/-/compiler-ssr-3.3.12.tgz"
  integrity sha512-adCiMJPznfWcQyk/9HSuXGja859IaMV+b8UNSVzDatqv7h0PvT9BEeS22+gjkWofDiSg5d78/ZLls3sLA+cn3A==
  dependencies:
    "@vue/compiler-dom" "3.3.12"
    "@vue/shared" "3.3.12"

"@vue/compiler-vue2@^2.7.16":
  version "2.7.16"
  resolved "https://registry.npmjs.org/@vue/compiler-vue2/-/compiler-vue2-2.7.16.tgz"
  integrity sha512-qYC3Psj9S/mfu9uVi5WvNZIzq+xnXMhOwbTFKKDD7b1lhpnn71jXSFdTQ+WsIEk0ONCd7VV2IMm7ONl6tbQ86A==
  dependencies:
    de-indent "^1.0.2"
    he "^1.2.0"

"@vue/devtools-api@^6.5.0":
  version "6.5.1"
  resolved "https://registry.npmjs.org/@vue/devtools-api/-/devtools-api-6.5.1.tgz"
  integrity sha512-+KpckaAQyfbvshdDW5xQylLni1asvNSGme1JFs8I1+/H5pHEhqUKMEQD/qn3Nx5+/nycBq11qAEi8lk+LXI2dA==

"@vue/language-core@2.2.8":
  version "2.2.8"
  resolved "https://registry.npmjs.org/@vue/language-core/-/language-core-2.2.8.tgz"
  integrity sha512-rrzB0wPGBvcwaSNRriVWdNAbHQWSf0NlGqgKHK5mEkXpefjUlVRP62u03KvwZpvKVjRnBIQ/Lwre+Mx9N6juUQ==
  dependencies:
    "@volar/language-core" "~2.4.11"
    "@vue/compiler-dom" "^3.5.0"
    "@vue/compiler-vue2" "^2.7.16"
    "@vue/shared" "^3.5.0"
    alien-signals "^1.0.3"
    minimatch "^9.0.3"
    muggle-string "^0.4.1"
    path-browserify "^1.0.1"

"@vue/reactivity-transform@3.3.12":
  version "3.3.12"
  resolved "https://registry.npmjs.org/@vue/reactivity-transform/-/reactivity-transform-3.3.12.tgz"
  integrity sha512-g5TijmML7FyKkLt6QnpqNmA4KD7K/T5SbXa88Bhq+hydNQEkzA8veVXWAQuNqg9rjaFYD0rPf0a9NofKA0ENgg==
  dependencies:
    "@babel/parser" "^7.23.5"
    "@vue/compiler-core" "3.3.12"
    "@vue/shared" "3.3.12"
    estree-walker "^2.0.2"
    magic-string "^0.30.5"

"@vue/reactivity@3.3.12":
  version "3.3.12"
  resolved "https://registry.npmjs.org/@vue/reactivity/-/reactivity-3.3.12.tgz"
  integrity sha512-vOJORzO8DlIx88cgTnMLIf2GlLYpoXAKsuoQsK6SGdaqODjxO129pVPTd2s/N/Mb6KKZEFIHIEwWGmtN4YPs+g==
  dependencies:
    "@vue/shared" "3.3.12"

"@vue/runtime-core@3.3.12":
  version "3.3.12"
  resolved "https://registry.npmjs.org/@vue/runtime-core/-/runtime-core-3.3.12.tgz"
  integrity sha512-5iL4w7MZrSGKEZU2wFAYhDZdZmgn+s//73EfgDXW1M+ZUOl36md7tlWp1QFK/ladiq4FvQ82shVjo0KiPDPr0A==
  dependencies:
    "@vue/reactivity" "3.3.12"
    "@vue/shared" "3.3.12"

"@vue/runtime-dom@3.3.12":
  version "3.3.12"
  resolved "https://registry.npmjs.org/@vue/runtime-dom/-/runtime-dom-3.3.12.tgz"
  integrity sha512-8mMzqiIdl+IYa/OXwKwk6/4ebLq7cYV1pUcwCSwBK2KerUa6cwGosen5xrCL9f8o2DJ9TfPFwbPEvH7OXzUpoA==
  dependencies:
    "@vue/runtime-core" "3.3.12"
    "@vue/shared" "3.3.12"
    csstype "^3.1.3"

"@vue/server-renderer@3.3.12":
  version "3.3.12"
  resolved "https://registry.npmjs.org/@vue/server-renderer/-/server-renderer-3.3.12.tgz"
  integrity sha512-OZ0IEK5TU5GXb5J8/wSplyxvGGdIcwEmS8EIO302Vz8K6fGSgSJTU54X0Sb6PaefzZdiN3vHsLXO8XIeF8crQQ==
  dependencies:
    "@vue/compiler-ssr" "3.3.12"
    "@vue/shared" "3.3.12"

"@vue/shared@^3.5.0", "@vue/shared@3.5.13":
  version "3.5.13"
  resolved "https://registry.npmjs.org/@vue/shared/-/shared-3.5.13.tgz"
  integrity sha512-/hnE/qP5ZoGpol0a5mDi45bOd7t3tjYJBjsgCsivow7D48cJeV5l05RD82lPqi7gRiphZM37rnhW1l6ZoCNNnQ==

"@vue/shared@3.3.12":
  version "3.3.12"
  resolved "https://registry.npmjs.org/@vue/shared/-/shared-3.3.12.tgz"
  integrity sha512-6p0Yin0pclvnER7BLNOQuod9Z+cxSYh8pSh7CzHnWNjAIP6zrTlCdHRvSCb1aYEx6i3Q3kvfuWU7nG16CgG1ag==

alien-signals@^1.0.3:
  version "1.0.4"
  resolved "https://registry.npmjs.org/alien-signals/-/alien-signals-1.0.4.tgz"
  integrity sha512-DJqqQD3XcsaQcQ1s+iE2jDUZmmQpXwHiR6fCAim/w87luaW+vmLY8fMlrdkmRwzaFXhkxf3rqPCR59tKVv1MDw==

balanced-match@^1.0.0:
  version "1.0.2"
  resolved "https://registry.npmjs.org/balanced-match/-/balanced-match-1.0.2.tgz"
  integrity sha512-3oSeUO0TMV67hN1AmbXsK4yaqU7tjiHlbxRDZOpH0KW9+CeX4bRAaX0Anxt0tx2MrpRpWwQaPwIlISEJhYU5Pw==

brace-expansion@^2.0.1:
  version "2.0.1"
  resolved "https://registry.npmjs.org/brace-expansion/-/brace-expansion-2.0.1.tgz"
  integrity sha512-XnAIvQ8eM+kC6aULx6wuQiwVsnzsi9d3WxzV3FpWTGA19F621kwdbsAcFKXgKUHZWsy+mY6iL1sHTxWEFCytDA==
  dependencies:
    balanced-match "^1.0.0"

csstype@^3.1.3:
  version "3.1.3"
  resolved "https://registry.npmjs.org/csstype/-/csstype-3.1.3.tgz"
  integrity sha512-M1uQkMl8rQK/szD0LNhtqxIPLpimGm8sOBwU7lLnCpSbTyY3yeU1Vc7l4KT5zT4s/yOxHH5O7tIuuLOCnLADRw==

de-indent@^1.0.2:
  version "1.0.2"
  resolved "https://registry.npmjs.org/de-indent/-/de-indent-1.0.2.tgz"
  integrity sha512-e/1zu3xH5MQryN2zdVaF0OrdNLUbvWxzMbi+iNA6Bky7l1RoP8a2fIbRocyHclXt/arDrrR6lL3TqFD9pMQTsg==

entities@^4.5.0:
  version "4.5.0"
  resolved "https://registry.npmjs.org/entities/-/entities-4.5.0.tgz"
  integrity sha512-V0hjH4dGPh9Ao5p0MoRY6BVqtwCjhz6vI5LT8AJ55H+4g9/4vbHx1I54fS0XuclLhDHArPQCiMjDxjaL8fPxhw==

esbuild@^0.25.0:
  version "0.25.0"
  resolved "https://registry.npmjs.org/esbuild/-/esbuild-0.25.0.tgz"
  integrity sha512-BXq5mqc8ltbaN34cDqWuYKyNhX8D/Z0J1xdtdQ8UcIIIyJyz+ZMKUt58tF3SrZ85jcfN/PZYhjR5uDQAYNVbuw==
  optionalDependencies:
    "@esbuild/aix-ppc64" "0.25.0"
    "@esbuild/android-arm" "0.25.0"
    "@esbuild/android-arm64" "0.25.0"
    "@esbuild/android-x64" "0.25.0"
    "@esbuild/darwin-arm64" "0.25.0"
    "@esbuild/darwin-x64" "0.25.0"
    "@esbuild/freebsd-arm64" "0.25.0"
    "@esbuild/freebsd-x64" "0.25.0"
    "@esbuild/linux-arm" "0.25.0"
    "@esbuild/linux-arm64" "0.25.0"
    "@esbuild/linux-ia32" "0.25.0"
    "@esbuild/linux-loong64" "0.25.0"
    "@esbuild/linux-mips64el" "0.25.0"
    "@esbuild/linux-ppc64" "0.25.0"
    "@esbuild/linux-riscv64" "0.25.0"
    "@esbuild/linux-s390x" "0.25.0"
    "@esbuild/linux-x64" "0.25.0"
    "@esbuild/netbsd-arm64" "0.25.0"
    "@esbuild/netbsd-x64" "0.25.0"
    "@esbuild/openbsd-arm64" "0.25.0"
    "@esbuild/openbsd-x64" "0.25.0"
    "@esbuild/sunos-x64" "0.25.0"
    "@esbuild/win32-arm64" "0.25.0"
    "@esbuild/win32-ia32" "0.25.0"
    "@esbuild/win32-x64" "0.25.0"

estree-walker@^2.0.2:
  version "2.0.2"
  resolved "https://registry.npmjs.org/estree-walker/-/estree-walker-2.0.2.tgz"
  integrity sha512-Rfkk/Mp/DL7JVje3u18FxFujQlTNR2q6QfMSMB7AvCBx91NGj/ba3kCfza0f6dVDbw7YlRf/nDrn7pQrCCyQ/w==

he@^1.2.0:
  version "1.2.0"
  resolved "https://registry.npmjs.org/he/-/he-1.2.0.tgz"
  integrity sha512-F/1DnUGPopORZi0ni+CvrCgHQ5FyEAHRLSApuYWMmrbSwoN2Mn/7k+Gl38gJnR7yyDZk6WLXwiGod1JOWNDKGw==

magic-string@^0.30.5:
  version "0.30.5"
  resolved "https://registry.npmjs.org/magic-string/-/magic-string-0.30.5.tgz"
  integrity sha512-7xlpfBaQaP/T6Vh8MO/EqXSW5En6INHEvEXQiuff7Gku0PWjU3uf6w/j9o7O+SpB5fOAkrI5HeoNgwjEO0pFsA==
  dependencies:
    "@jridgewell/sourcemap-codec" "^1.4.15"

minimatch@^9.0.3:
  version "9.0.5"
  resolved "https://registry.npmjs.org/minimatch/-/minimatch-9.0.5.tgz"
  integrity sha512-G6T0ZX48xgozx7587koeX9Ys2NYy6Gmv//P89sEte9V9whIapMNF4idKxnW2QtCcLiTWlb/wfCabAtAFWhhBow==
  dependencies:
    brace-expansion "^2.0.1"

muggle-string@^0.4.1:
  version "0.4.1"
  resolved "https://registry.npmjs.org/muggle-string/-/muggle-string-0.4.1.tgz"
  integrity sha512-VNTrAak/KhO2i8dqqnqnAHOa3cYBwXEZe9h+D5h/1ZqFSTEFHdM65lR7RoIqq3tBBYavsOXV84NoHXZ0AkPyqQ==

nanoid@^3.3.8:
  version "3.3.8"
  resolved "https://registry.npmjs.org/nanoid/-/nanoid-3.3.8.tgz"
  integrity sha512-WNLf5Sd8oZxOm+TzppcYk8gVOgP+l58xNy58D0nbUnOxOWRWvlcCV4kUF7ltmI6PsrLl/BgKEyS4mqsGChFN0w==

path-browserify@^1.0.1:
  version "1.0.1"
  resolved "https://registry.npmjs.org/path-browserify/-/path-browserify-1.0.1.tgz"
  integrity sha512-b7uo2UCUOYZcnF/3ID0lulOJi/bafxa1xPe7ZPsammBSpjSWQkjNxlt635YGS2MiR9GjvuXCtz2emr3jbsz98g==

picocolors@^1.1.1:
  version "1.1.1"
  resolved "https://registry.npmjs.org/picocolors/-/picocolors-1.1.1.tgz"
  integrity sha512-xceH2snhtb5M9liqDsmEw56le376mTZkEX/jEb/RxNFyegNul7eNslCXP9FDj/Lcu0X8KEyMceP2ntpaHrDEVA==

pinia@^2.1.7:
  version "2.1.7"
  resolved "https://registry.npmjs.org/pinia/-/pinia-2.1.7.tgz"
  integrity sha512-+C2AHFtcFqjPih0zpYuvof37SFxMQ7OEG2zV9jRI12i9BOy3YQVAHwdKtyyc8pDcDyIc33WCIsZaCFWU7WWxGQ==
  dependencies:
    "@vue/devtools-api" "^6.5.0"
    vue-demi ">=0.14.5"

postcss@^8.4.32, postcss@^8.5.3:
  version "8.5.3"
  resolved "https://registry.npmjs.org/postcss/-/postcss-8.5.3.tgz"
  integrity sha512-dle9A3yYxlBSrt8Fu+IpjGT8SY8hN0mlaA6GY8t0P5PjIOZemULz/E2Bnm/2dcUOena75OTNkHI76uZBNUUq3A==
  dependencies:
    nanoid "^3.3.8"
    picocolors "^1.1.1"
    source-map-js "^1.2.1"

preact@^10.19.2, preact@10.x:
  version "10.19.3"
  resolved "https://registry.npmjs.org/preact/-/preact-10.19.3.tgz"
  integrity sha512-nHHTeFVBTHRGxJXKkKu5hT8C/YWBkPso4/Gad6xuj5dbptt9iF9NZr9pHbPhBrnT2klheu7mHTxTZ/LjwJiEiQ==

prettier@^3.0.0:
  version "3.1.1"
  resolved "https://registry.npmjs.org/prettier/-/prettier-3.1.1.tgz"
  integrity sha512-22UbSzg8luF4UuZtzgiUOfcGM8s4tjBv6dJRT7j275NXsy2jb4aJa4NNveul5x4eqlF1wuhuR2RElK71RvmVaw==

rollup@^4.30.1:
  version "4.34.9"
  resolved "https://registry.npmjs.org/rollup/-/rollup-4.34.9.tgz"
  integrity sha512-nF5XYqWWp9hx/LrpC8sZvvvmq0TeTjQgaZHYmAgwysT9nh8sWnZhBnM8ZyVbbJFIQBLwHDNoMqsBZBbUo4U8sQ==
  dependencies:
    "@types/estree" "1.0.6"
  optionalDependencies:
    "@rollup/rollup-android-arm-eabi" "4.34.9"
    "@rollup/rollup-android-arm64" "4.34.9"
    "@rollup/rollup-darwin-arm64" "4.34.9"
    "@rollup/rollup-darwin-x64" "4.34.9"
    "@rollup/rollup-freebsd-arm64" "4.34.9"
    "@rollup/rollup-freebsd-x64" "4.34.9"
    "@rollup/rollup-linux-arm-gnueabihf" "4.34.9"
    "@rollup/rollup-linux-arm-musleabihf" "4.34.9"
    "@rollup/rollup-linux-arm64-gnu" "4.34.9"
    "@rollup/rollup-linux-arm64-musl" "4.34.9"
    "@rollup/rollup-linux-loongarch64-gnu" "4.34.9"
    "@rollup/rollup-linux-powerpc64le-gnu" "4.34.9"
    "@rollup/rollup-linux-riscv64-gnu" "4.34.9"
    "@rollup/rollup-linux-s390x-gnu" "4.34.9"
    "@rollup/rollup-linux-x64-gnu" "4.34.9"
    "@rollup/rollup-linux-x64-musl" "4.34.9"
    "@rollup/rollup-win32-arm64-msvc" "4.34.9"
    "@rollup/rollup-win32-ia32-msvc" "4.34.9"
    "@rollup/rollup-win32-x64-msvc" "4.34.9"
    fsevents "~2.3.2"

source-map-js@^1.0.2, source-map-js@^1.2.0, source-map-js@^1.2.1:
  version "1.2.1"
  resolved "https://registry.npmjs.org/source-map-js/-/source-map-js-1.2.1.tgz"
  integrity sha512-UXWMKhLOwVKb728IUtQPXxfYU+usdybtUrK/8uGE8CQMvrhOpwvzDBwj0QhSL7MQc7vIsISBG8VQ8+IDQxpfQA==

typescript@*, typescript@^5.2.2, typescript@>=4.4.4, typescript@>=5.0.0:
  version "5.3.3"
  resolved "https://registry.npmjs.org/typescript/-/typescript-5.3.3.tgz"
  integrity sha512-pXWcraxM0uxAS+tN0AG/BF2TyqmHO014Z070UsJ+pFvYuRSq8KH8DmWpnbXe0pEPDHXZV3FcAbJkijJ5oNEnWw==

"vite@^5.0.0 || ^6.0.0", vite@^6.2.0:
  version "6.2.0"
  resolved "https://registry.npmjs.org/vite/-/vite-6.2.0.tgz"
  integrity sha512-7dPxoo+WsT/64rDcwoOjk76XHj+TqNTIvHKcuMQ1k4/SeHDaQt5GFAeLYzrimZrMpn/O6DtdI03WUjdxuPM0oQ==
  dependencies:
    esbuild "^0.25.0"
    postcss "^8.5.3"
    rollup "^4.30.1"
  optionalDependencies:
    fsevents "~2.3.3"

vscode-uri@^3.0.8:
  version "3.1.0"
  resolved "https://registry.npmjs.org/vscode-uri/-/vscode-uri-3.1.0.tgz"
  integrity sha512-/BpdSx+yCQGnCvecbyXdxHDkuk55/G3xwnC0GqY4gmQ3j+A+g8kzzgB4Nk/SINjqn6+waqw3EgbVF2QKExkRxQ==

vue-demi@>=0.14.5:
  version "0.14.6"
  resolved "https://registry.npmjs.org/vue-demi/-/vue-demi-0.14.6.tgz"
  integrity sha512-8QA7wrYSHKaYgUxDA5ZC24w+eHm3sYCbp0EzcDwKqN3p6HqtTCGR/GVsPyZW92unff4UlcSh++lmqDWN3ZIq4w==

vue-tsc@^2.2.8:
  version "2.2.8"
  resolved "https://registry.npmjs.org/vue-tsc/-/vue-tsc-2.2.8.tgz"
  integrity sha512-jBYKBNFADTN+L+MdesNX/TB3XuDSyaWynKMDgR+yCSln0GQ9Tfb7JS2lr46s2LiFUT1WsmfWsSvIElyxzOPqcQ==
  dependencies:
    "@volar/typescript" "~2.4.11"
    "@vue/language-core" "2.2.8"

"vue@^2.6.14 || ^3.3.0", vue@^3, "vue@^3.0.0-0 || ^2.6.0", vue@^3.2.25, vue@^3.3.11, vue@3.3.12:
  version "3.3.12"
  resolved "https://registry.npmjs.org/vue/-/vue-3.3.12.tgz"
  integrity sha512-jYNv2QmET2OTHsFzfWHMnqgCfqL4zfo97QwofdET+GBRCHhSCHuMTTvNIgeSn0/xF3JRT5OGah6MDwUFN7MPlg==
  dependencies:
    "@vue/compiler-dom" "3.3.12"
    "@vue/compiler-sfc" "3.3.12"
    "@vue/runtime-dom" "3.3.12"
    "@vue/server-renderer" "3.3.12"
    "@vue/shared" "3.3.12"
